
Microsoft Visual Studio Solution File, Format Version 12.00
# Visual Studio Version 16
VisualStudioVersion = 16.0.29306.81
MinimumVisualStudioVersion = 10.0.40219.1
Project("{FAE04EC0-301F-11D3-BF4B-00C04F79EFBC}") = "RabinKarp", "RabinKarp\RabinKarp.csproj", "{5DEFD999-D814-40C7-9CEF-BB20D4F141FB}"
EndProject
Global
	GlobalSection(SolutionConfigurationPlatforms) = preSolution
		Debug|Any CPU = Debug|Any CPU
		Release|Any CPU = Release|Any CPU
	EndGlobalSection
	GlobalSection(ProjectConfigurationPlatforms) = postSolution
		{5DEFD999-D814-40C7-9CEF-BB20D4F141FB}.Debug|Any CPU.ActiveCfg = Debug|Any CPU
		{5DEFD999-D814-40C7-9CEF-BB20D4F141FB}.Debug|Any CPU.Build.0 = Debug|Any CPU
		{5DEFD999-D814-40C7-9CEF-BB20D4F141FB}.Release|Any CPU.ActiveCfg = Release|Any CPU
		{5DEFD999-D814-40C7-9CEF-BB20D4F141FB}.Release|Any CPU.Build.0 = Release|Any CPU
	EndGlobalSection
	GlobalSection(SolutionProperties) = preSolution
		HideSolutionNode = FALSE
	EndGlobalSection
	GlobalSection(ExtensibilityGlobals) = postSolution
		SolutionGuid = {C0A8BE6F-6416-4809-82CD-302952AAEA38}
	EndGlobalSection
EndGlobal
