
Microsoft Visual Studio Solution File, Format Version 12.00
# Visual Studio Version 16
VisualStudioVersion = 16.0.29306.81
MinimumVisualStudioVersion = 10.0.40219.1
Project("{FAE04EC0-301F-11D3-BF4B-00C04F79EFBC}") = "MaximumValue", "MaximumValue\MaximumValue.csproj", "{DFE0E7FE-932A-455E-95A5-DBCD4030E35C}"
EndProject
Global
	GlobalSection(SolutionConfigurationPlatforms) = preSolution
		Debug|Any CPU = Debug|Any CPU
		Release|Any CPU = Release|Any CPU
	EndGlobalSection
	GlobalSection(ProjectConfigurationPlatforms) = postSolution
		{DFE0E7FE-932A-455E-95A5-DBCD4030E35C}.Debug|Any CPU.ActiveCfg = Debug|Any CPU
		{DFE0E7FE-932A-455E-95A5-DBCD4030E35C}.Debug|Any CPU.Build.0 = Debug|Any CPU
		{DFE0E7FE-932A-455E-95A5-DBCD4030E35C}.Release|Any CPU.ActiveCfg = Release|Any CPU
		{DFE0E7FE-932A-455E-95A5-DBCD4030E35C}.Release|Any CPU.Build.0 = Release|Any CPU
	EndGlobalSection
	GlobalSection(SolutionProperties) = preSolution
		HideSolutionNode = FALSE
	EndGlobalSection
	GlobalSection(ExtensibilityGlobals) = postSolution
		SolutionGuid = {8BCBFC63-205B-479D-BCC5-F08DEF544F83}
	EndGlobalSection
EndGlobal
