
Microsoft Visual Studio Solution File, Format Version 12.00
# Visual Studio Version 16
VisualStudioVersion = 16.0.29306.81
MinimumVisualStudioVersion = 10.0.40219.1
Project("{FAE04EC0-301F-11D3-BF4B-00C04F79EFBC}") = "IndependentSet", "IndependentSet\IndependentSet.csproj", "{0A5B1DFF-C6D7-4598-9E3C-500C1C524E2A}"
EndProject
Global
	GlobalSection(SolutionConfigurationPlatforms) = preSolution
		Debug|Any CPU = Debug|Any CPU
		Release|Any CPU = Release|Any CPU
	EndGlobalSection
	GlobalSection(ProjectConfigurationPlatforms) = postSolution
		{0A5B1DFF-C6D7-4598-9E3C-500C1C524E2A}.Debug|Any CPU.ActiveCfg = Debug|Any CPU
		{0A5B1DFF-C6D7-4598-9E3C-500C1C524E2A}.Debug|Any CPU.Build.0 = Debug|Any CPU
		{0A5B1DFF-C6D7-4598-9E3C-500C1C524E2A}.Release|Any CPU.ActiveCfg = Release|Any CPU
		{0A5B1DFF-C6D7-4598-9E3C-500C1C524E2A}.Release|Any CPU.Build.0 = Release|Any CPU
	EndGlobalSection
	GlobalSection(SolutionProperties) = preSolution
		HideSolutionNode = FALSE
	EndGlobalSection
	GlobalSection(ExtensibilityGlobals) = postSolution
		SolutionGuid = {39279661-3D34-4A3F-98F0-D3FC62B41A06}
	EndGlobalSection
EndGlobal
