
Microsoft Visual Studio Solution File, Format Version 12.00
# Visual Studio Version 16
VisualStudioVersion = 16.0.29306.81
MinimumVisualStudioVersion = 10.0.40219.1
Project("{FAE04EC0-301F-11D3-BF4B-00C04F79EFBC}") = "Circuit", "Circuit\Circuit.csproj", "{CEC1DEDB-0A01-48B7-A07D-5E0D2841DB3B}"
EndProject
Global
	GlobalSection(SolutionConfigurationPlatforms) = preSolution
		Debug|Any CPU = Debug|Any CPU
		Release|Any CPU = Release|Any CPU
	EndGlobalSection
	GlobalSection(ProjectConfigurationPlatforms) = postSolution
		{CEC1DEDB-0A01-48B7-A07D-5E0D2841DB3B}.Debug|Any CPU.ActiveCfg = Debug|Any CPU
		{CEC1DEDB-0A01-48B7-A07D-5E0D2841DB3B}.Debug|Any CPU.Build.0 = Debug|Any CPU
		{CEC1DEDB-0A01-48B7-A07D-5E0D2841DB3B}.Release|Any CPU.ActiveCfg = Release|Any CPU
		{CEC1DEDB-0A01-48B7-A07D-5E0D2841DB3B}.Release|Any CPU.Build.0 = Release|Any CPU
	EndGlobalSection
	GlobalSection(SolutionProperties) = preSolution
		HideSolutionNode = FALSE
	EndGlobalSection
	GlobalSection(ExtensibilityGlobals) = postSolution
		SolutionGuid = {E484DD8D-2D47-4728-8A55-9DC531861D6B}
	EndGlobalSection
EndGlobal
