
Microsoft Visual Studio Solution File, Format Version 12.00
# Visual Studio Version 16
VisualStudioVersion = 16.0.29306.81
MinimumVisualStudioVersion = 10.0.40219.1
Project("{FAE04EC0-301F-11D3-BF4B-00C04F79EFBC}") = "BubbleDetection", "BubbleDetection\BubbleDetection.csproj", "{89AD36D6-1DE2-432A-AB57-2D63C72BB4EA}"
EndProject
Global
	GlobalSection(SolutionConfigurationPlatforms) = preSolution
		Debug|Any CPU = Debug|Any CPU
		Release|Any CPU = Release|Any CPU
	EndGlobalSection
	GlobalSection(ProjectConfigurationPlatforms) = postSolution
		{89AD36D6-1DE2-432A-AB57-2D63C72BB4EA}.Debug|Any CPU.ActiveCfg = Debug|Any CPU
		{89AD36D6-1DE2-432A-AB57-2D63C72BB4EA}.Debug|Any CPU.Build.0 = Debug|Any CPU
		{89AD36D6-1DE2-432A-AB57-2D63C72BB4EA}.Release|Any CPU.ActiveCfg = Release|Any CPU
		{89AD36D6-1DE2-432A-AB57-2D63C72BB4EA}.Release|Any CPU.Build.0 = Release|Any CPU
	EndGlobalSection
	GlobalSection(SolutionProperties) = preSolution
		HideSolutionNode = FALSE
	EndGlobalSection
	GlobalSection(ExtensibilityGlobals) = postSolution
		SolutionGuid = {A38AF68A-181F-415E-AAC3-9E7A63115FFD}
	EndGlobalSection
EndGlobal
