
Microsoft Visual Studio Solution File, Format Version 12.00
# Visual Studio Version 16
VisualStudioVersion = 16.0.29306.81
MinimumVisualStudioVersion = 10.0.40219.1
Project("{FAE04EC0-301F-11D3-BF4B-00C04F79EFBC}") = "ParallelProccessing", "ParallelProccessing\ParallelProccessing.csproj", "{00C34598-7616-48F2-B6C2-452BA131DA94}"
EndProject
Global
	GlobalSection(SolutionConfigurationPlatforms) = preSolution
		Debug|Any CPU = Debug|Any CPU
		Release|Any CPU = Release|Any CPU
	EndGlobalSection
	GlobalSection(ProjectConfigurationPlatforms) = postSolution
		{00C34598-7616-48F2-B6C2-452BA131DA94}.Debug|Any CPU.ActiveCfg = Debug|Any CPU
		{00C34598-7616-48F2-B6C2-452BA131DA94}.Debug|Any CPU.Build.0 = Debug|Any CPU
		{00C34598-7616-48F2-B6C2-452BA131DA94}.Release|Any CPU.ActiveCfg = Release|Any CPU
		{00C34598-7616-48F2-B6C2-452BA131DA94}.Release|Any CPU.Build.0 = Release|Any CPU
	EndGlobalSection
	GlobalSection(SolutionProperties) = preSolution
		HideSolutionNode = FALSE
	EndGlobalSection
	GlobalSection(ExtensibilityGlobals) = postSolution
		SolutionGuid = {FA69FDB4-9495-4AF1-8AE4-B219DA3078D4}
	EndGlobalSection
EndGlobal
