
Microsoft Visual Studio Solution File, Format Version 12.00
# Visual Studio Version 16
VisualStudioVersion = 16.0.29306.81
MinimumVisualStudioVersion = 10.0.40219.1
Project("{FAE04EC0-301F-11D3-BF4B-00C04F79EFBC}") = "MoneyChangeAgain", "MoneyChangeAgain\MoneyChangeAgain.csproj", "{FBF73FFC-2070-4B88-8517-1E252EE044A2}"
EndProject
Global
	GlobalSection(SolutionConfigurationPlatforms) = preSolution
		Debug|Any CPU = Debug|Any CPU
		Release|Any CPU = Release|Any CPU
	EndGlobalSection
	GlobalSection(ProjectConfigurationPlatforms) = postSolution
		{FBF73FFC-2070-4B88-8517-1E252EE044A2}.Debug|Any CPU.ActiveCfg = Debug|Any CPU
		{FBF73FFC-2070-4B88-8517-1E252EE044A2}.Debug|Any CPU.Build.0 = Debug|Any CPU
		{FBF73FFC-2070-4B88-8517-1E252EE044A2}.Release|Any CPU.ActiveCfg = Release|Any CPU
		{FBF73FFC-2070-4B88-8517-1E252EE044A2}.Release|Any CPU.Build.0 = Release|Any CPU
	EndGlobalSection
	GlobalSection(SolutionProperties) = preSolution
		HideSolutionNode = FALSE
	EndGlobalSection
	GlobalSection(ExtensibilityGlobals) = postSolution
		SolutionGuid = {EC734595-2F51-4B21-8487-F7A3F2650E2D}
	EndGlobalSection
EndGlobal
