
Microsoft Visual Studio Solution File, Format Version 12.00
# Visual Studio Version 16
VisualStudioVersion = 16.0.29306.81
MinimumVisualStudioVersion = 10.0.40219.1
Project("{FAE04EC0-301F-11D3-BF4B-00C04F79EFBC}") = "PartitioningSuveniers", "PartitioningSuveniers\PartitioningSuveniers.csproj", "{CC223F8B-F679-4C9C-89BE-31964491DE8B}"
EndProject
Global
	GlobalSection(SolutionConfigurationPlatforms) = preSolution
		Debug|Any CPU = Debug|Any CPU
		Release|Any CPU = Release|Any CPU
	EndGlobalSection
	GlobalSection(ProjectConfigurationPlatforms) = postSolution
		{CC223F8B-F679-4C9C-89BE-31964491DE8B}.Debug|Any CPU.ActiveCfg = Debug|Any CPU
		{CC223F8B-F679-4C9C-89BE-31964491DE8B}.Debug|Any CPU.Build.0 = Debug|Any CPU
		{CC223F8B-F679-4C9C-89BE-31964491DE8B}.Release|Any CPU.ActiveCfg = Release|Any CPU
		{CC223F8B-F679-4C9C-89BE-31964491DE8B}.Release|Any CPU.Build.0 = Release|Any CPU
	EndGlobalSection
	GlobalSection(SolutionProperties) = preSolution
		HideSolutionNode = FALSE
	EndGlobalSection
	GlobalSection(ExtensibilityGlobals) = postSolution
		SolutionGuid = {46DD225A-B1DA-42B2-89A4-F1863CE70554}
	EndGlobalSection
EndGlobal
