
Microsoft Visual Studio Solution File, Format Version 12.00
# Visual Studio Version 16
VisualStudioVersion = 16.0.29306.81
MinimumVisualStudioVersion = 10.0.40219.1
Project("{FAE04EC0-301F-11D3-BF4B-00C04F79EFBC}") = "Closest Points", "Closest Points\Closest Points.csproj", "{30CFFF5D-6DD5-4AEC-80D6-4FC18620E4BD}"
EndProject
Global
	GlobalSection(SolutionConfigurationPlatforms) = preSolution
		Debug|Any CPU = Debug|Any CPU
		Release|Any CPU = Release|Any CPU
	EndGlobalSection
	GlobalSection(ProjectConfigurationPlatforms) = postSolution
		{30CFFF5D-6DD5-4AEC-80D6-4FC18620E4BD}.Debug|Any CPU.ActiveCfg = Debug|Any CPU
		{30CFFF5D-6DD5-4AEC-80D6-4FC18620E4BD}.Debug|Any CPU.Build.0 = Debug|Any CPU
		{30CFFF5D-6DD5-4AEC-80D6-4FC18620E4BD}.Release|Any CPU.ActiveCfg = Release|Any CPU
		{30CFFF5D-6DD5-4AEC-80D6-4FC18620E4BD}.Release|Any CPU.Build.0 = Release|Any CPU
	EndGlobalSection
	GlobalSection(SolutionProperties) = preSolution
		HideSolutionNode = FALSE
	EndGlobalSection
	GlobalSection(ExtensibilityGlobals) = postSolution
		SolutionGuid = {54E43BE6-8446-432E-9BC1-F95364A4010D}
	EndGlobalSection
EndGlobal
