
Microsoft Visual Studio Solution File, Format Version 12.00
# Visual Studio Version 16
VisualStudioVersion = 16.0.29306.81
MinimumVisualStudioVersion = 10.0.40219.1
Project("{FAE04EC0-301F-11D3-BF4B-00C04F79EFBC}") = "Organizing a Lottery", "Organizing a Lottery\Organizing a Lottery.csproj", "{368CBC34-F18F-4FF5-9A1F-26F7E3AC24F3}"
EndProject
Global
	GlobalSection(SolutionConfigurationPlatforms) = preSolution
		Debug|Any CPU = Debug|Any CPU
		Release|Any CPU = Release|Any CPU
	EndGlobalSection
	GlobalSection(ProjectConfigurationPlatforms) = postSolution
		{368CBC34-F18F-4FF5-9A1F-26F7E3AC24F3}.Debug|Any CPU.ActiveCfg = Debug|Any CPU
		{368CBC34-F18F-4FF5-9A1F-26F7E3AC24F3}.Debug|Any CPU.Build.0 = Debug|Any CPU
		{368CBC34-F18F-4FF5-9A1F-26F7E3AC24F3}.Release|Any CPU.ActiveCfg = Release|Any CPU
		{368CBC34-F18F-4FF5-9A1F-26F7E3AC24F3}.Release|Any CPU.Build.0 = Release|Any CPU
	EndGlobalSection
	GlobalSection(SolutionProperties) = preSolution
		HideSolutionNode = FALSE
	EndGlobalSection
	GlobalSection(ExtensibilityGlobals) = postSolution
		SolutionGuid = {D76735EC-662D-43F2-AC60-098536B452AA}
	EndGlobalSection
EndGlobal
